
Microsoft Visual Studio Solution File, Format Version 12.00
# Visual Studio 2013
Project("{FAE04EC0-301F-11D3-BF4B-00C04F79EFBC}") = "RDN Moving.CSharp.Plugins", "RDN Moving.CSharp.Plugins.csproj", "{14E5F332-90EF-84A6-B97D-5EA488D694DF}"
EndProject
Project("{FAE04EC0-301F-11D3-BF4B-00C04F79EFBC}") = "RDN Moving.CSharp", "RDN Moving.CSharp.csproj", "{6EBC7B28-131D-6383-E161-0AEB1F630001}"
EndProject
Project("{FAE04EC0-301F-11D3-BF4B-00C04F79EFBC}") = "RDN Moving.CSharp.Editor.Plugins", "RDN Moving.CSharp.Editor.Plugins.csproj", "{A2CB4F11-749F-15B2-789D-3C6F3C6D8839}"
EndProject
Global
	GlobalSection(SolutionConfigurationPlatforms) = preSolution
		Debug|Any CPU = Debug|Any CPU
		Release|Any CPU = Release|Any CPU
	EndGlobalSection
	GlobalSection(ProjectConfigurationPlatforms) = postSolution
		{14E5F332-90EF-84A6-B97D-5EA488D694DF}.Debug|Any CPU.ActiveCfg = Debug|Any CPU
		{14E5F332-90EF-84A6-B97D-5EA488D694DF}.Debug|Any CPU.Build.0 = Debug|Any CPU
		{14E5F332-90EF-84A6-B97D-5EA488D694DF}.Release|Any CPU.ActiveCfg = Release|Any CPU
		{14E5F332-90EF-84A6-B97D-5EA488D694DF}.Release|Any CPU.Build.0 = Release|Any CPU
		{6EBC7B28-131D-6383-E161-0AEB1F630001}.Debug|Any CPU.ActiveCfg = Debug|Any CPU
		{6EBC7B28-131D-6383-E161-0AEB1F630001}.Debug|Any CPU.Build.0 = Debug|Any CPU
		{6EBC7B28-131D-6383-E161-0AEB1F630001}.Release|Any CPU.ActiveCfg = Release|Any CPU
		{6EBC7B28-131D-6383-E161-0AEB1F630001}.Release|Any CPU.Build.0 = Release|Any CPU
		{A2CB4F11-749F-15B2-789D-3C6F3C6D8839}.Debug|Any CPU.ActiveCfg = Debug|Any CPU
		{A2CB4F11-749F-15B2-789D-3C6F3C6D8839}.Debug|Any CPU.Build.0 = Debug|Any CPU
		{A2CB4F11-749F-15B2-789D-3C6F3C6D8839}.Release|Any CPU.ActiveCfg = Release|Any CPU
		{A2CB4F11-749F-15B2-789D-3C6F3C6D8839}.Release|Any CPU.Build.0 = Release|Any CPU
	EndGlobalSection
	GlobalSection(SolutionProperties) = preSolution
		HideSolutionNode = FALSE
	EndGlobalSection
EndGlobal
